
Microsoft Visual Studio Solution File, Format Version 12.00
# Visual Studio Version 16
VisualStudioVersion = 16.0.30907.101
MinimumVisualStudioVersion = 10.0.40219.1
Project("{FAE04EC0-301F-11D3-BF4B-00C04F79EFBC}") = "Downloader", "Downloader\Downloader.csproj", "{D487F787-7FDF-4C33-A732-EDABC6B987C2}"
EndProject
Project("{FAE04EC0-301F-11D3-BF4B-00C04F79EFBC}") = "Scraper", "Scraper\Scraper.csproj", "{6E11F3CB-F6A2-412C-A1A1-E76C136447D5}"
EndProject
Global
	GlobalSection(SolutionConfigurationPlatforms) = preSolution
		Debug|Any CPU = Debug|Any CPU
		Release|Any CPU = Release|Any CPU
	EndGlobalSection
	GlobalSection(ProjectConfigurationPlatforms) = postSolution
		{D487F787-7FDF-4C33-A732-EDABC6B987C2}.Debug|Any CPU.ActiveCfg = Debug|Any CPU
		{D487F787-7FDF-4C33-A732-EDABC6B987C2}.Debug|Any CPU.Build.0 = Debug|Any CPU
		{D487F787-7FDF-4C33-A732-EDABC6B987C2}.Release|Any CPU.ActiveCfg = Release|Any CPU
		{D487F787-7FDF-4C33-A732-EDABC6B987C2}.Release|Any CPU.Build.0 = Release|Any CPU
		{6E11F3CB-F6A2-412C-A1A1-E76C136447D5}.Debug|Any CPU.ActiveCfg = Debug|Any CPU
		{6E11F3CB-F6A2-412C-A1A1-E76C136447D5}.Debug|Any CPU.Build.0 = Debug|Any CPU
		{6E11F3CB-F6A2-412C-A1A1-E76C136447D5}.Release|Any CPU.ActiveCfg = Release|Any CPU
		{6E11F3CB-F6A2-412C-A1A1-E76C136447D5}.Release|Any CPU.Build.0 = Release|Any CPU
	EndGlobalSection
	GlobalSection(SolutionProperties) = preSolution
		HideSolutionNode = FALSE
	EndGlobalSection
	GlobalSection(ExtensibilityGlobals) = postSolution
		SolutionGuid = {A3B778AD-CCF8-4FEB-9825-7212E72ECA05}
	EndGlobalSection
EndGlobal
